
Microsoft Visual Studio Solution File, Format Version 12.00
# Visual Studio 15
VisualStudioVersion = 15.0.27130.2036
MinimumVisualStudioVersion = 10.0.40219.1
Project("{FAE04EC0-301F-11D3-BF4B-00C04F79EFBC}") = "Agenda Banco", "Agenda Banco\Agenda Banco.csproj", "{900255B9-52E8-4CBD-9DBD-BE787E202489}"
EndProject
Global
	GlobalSection(SolutionConfigurationPlatforms) = preSolution
		Debug|Any CPU = Debug|Any CPU
		Release|Any CPU = Release|Any CPU
	EndGlobalSection
	GlobalSection(ProjectConfigurationPlatforms) = postSolution
		{900255B9-52E8-4CBD-9DBD-BE787E202489}.Debug|Any CPU.ActiveCfg = Debug|Any CPU
		{900255B9-52E8-4CBD-9DBD-BE787E202489}.Debug|Any CPU.Build.0 = Debug|Any CPU
		{900255B9-52E8-4CBD-9DBD-BE787E202489}.Release|Any CPU.ActiveCfg = Release|Any CPU
		{900255B9-52E8-4CBD-9DBD-BE787E202489}.Release|Any CPU.Build.0 = Release|Any CPU
	EndGlobalSection
	GlobalSection(SolutionProperties) = preSolution
		HideSolutionNode = FALSE
	EndGlobalSection
	GlobalSection(ExtensibilityGlobals) = postSolution
		SolutionGuid = {DD5EE3C8-A31F-46D8-9DD2-6F8D77D1C4F1}
	EndGlobalSection
EndGlobal
